{
  "nodes": {
    "elisp-helpers": {
      "flake": false,
      "locked": {
        "lastModified": 1710768267,
        "narHash": "sha256-NX/dP39RzIKCiIEZPLZUYDUpgCqyagn3iK7c5NWfmEk=",
        "owner": "emacs-twist",
        "repo": "elisp-helpers",
        "rev": "002e07aff027eedfdadec02d6830cb75a1aec9b5",
        "type": "github"
      },
      "original": {
        "owner": "emacs-twist",
        "repo": "elisp-helpers",
        "type": "github"
      }
    },
    "emacs-overlay": {
      "inputs": {
        "flake-utils": "flake-utils",
        "nixpkgs": "nixpkgs",
        "nixpkgs-stable": "nixpkgs-stable"
      },
      "locked": {
        "lastModified": 1711443855,
        "narHash": "sha256-jPEUYELo7ACEiFU7jKDdQ+yC5OkqG2UcHk1/N+N7f3E=",
        "owner": "nix-community",
        "repo": "emacs-overlay",
        "rev": "81d4eb044fac45daf51281a046d413a40f05d103",
        "type": "github"
      },
      "original": {
        "owner": "nix-community",
        "repo": "emacs-overlay",
        "type": "github"
      }
    },
    "flake-parts": {
      "inputs": {
        "nixpkgs-lib": "nixpkgs-lib"
      },
      "locked": {
        "lastModified": 1709336216,
        "narHash": "sha256-Dt/wOWeW6Sqm11Yh+2+t0dfEWxoMxGBvv3JpIocFl9E=",
        "owner": "hercules-ci",
        "repo": "flake-parts",
        "rev": "f7b3c975cf067e56e7cda6cb098ebe3fb4d74ca2",
        "type": "github"
      },
      "original": {
        "id": "flake-parts",
        "type": "indirect"
      }
    },
    "flake-utils": {
      "inputs": {
        "systems": "systems"
      },
      "locked": {
        "lastModified": 1710146030,
        "narHash": "sha256-SZ5L6eA7HJ/nmkzGG7/ISclqe6oZdOZTNoesiInkXPQ=",
        "owner": "numtide",
        "repo": "flake-utils",
        "rev": "b1d9ab70662946ef0850d488da1c9019f3a9752a",
        "type": "github"
      },
      "original": {
        "owner": "numtide",
        "repo": "flake-utils",
        "type": "github"
      }
    },
    "gnu-elpa": {
      "flake": false,
      "locked": {
        "lastModified": 1711402713,
        "narHash": "sha256-UQXL1hhJnNGpvD8JpgeZG9myBe2IK2pb59ZtR6wPDuA=",
        "ref": "main",
        "rev": "6b764f071ea7a4c9ab044a7b1c72f3107b884393",
        "revCount": 591,
        "type": "git",
        "url": "https://git.savannah.gnu.org/git/emacs/elpa.git"
      },
      "original": {
        "ref": "main",
        "type": "git",
        "url": "https://git.savannah.gnu.org/git/emacs/elpa.git"
      }
    },
    "melpa": {
      "flake": false,
      "locked": {
        "lastModified": 1711301489,
        "narHash": "sha256-CF/fSDPtCakHwApcgQRVCyRoRIQjNZJmqomPUs5wWps=",
        "owner": "melpa",
        "repo": "melpa",
        "rev": "5ffb32a540ebf6ebffd1913de1d82019674177fe",
        "type": "github"
      },
      "original": {
        "owner": "melpa",
        "repo": "melpa",
        "type": "github"
      }
    },
    "nixpkgs": {
      "locked": {
        "lastModified": 1711163522,
        "narHash": "sha256-YN/Ciidm+A0fmJPWlHBGvVkcarYWSC+s3NTPk/P+q3c=",
        "owner": "NixOS",
        "repo": "nixpkgs",
        "rev": "44d0940ea560dee511026a53f0e2e2cde489b4d4",
        "type": "github"
      },
      "original": {
        "owner": "NixOS",
        "ref": "nixos-unstable",
        "repo": "nixpkgs",
        "type": "github"
      }
    },
    "nixpkgs-lib": {
      "locked": {
        "dir": "lib",
        "lastModified": 1709237383,
        "narHash": "sha256-cy6ArO4k5qTx+l5o+0mL9f5fa86tYUX3ozE1S+Txlds=",
        "owner": "NixOS",
        "repo": "nixpkgs",
        "rev": "1536926ef5621b09bba54035ae2bb6d806d72ac8",
        "type": "github"
      },
      "original": {
        "dir": "lib",
        "owner": "NixOS",
        "ref": "nixos-unstable",
        "repo": "nixpkgs",
        "type": "github"
      }
    },
    "nixpkgs-stable": {
      "locked": {
        "lastModified": 1711124224,
        "narHash": "sha256-l0zlN/3CiodvWDtfBOVxeTwYSRz93muVbXWSpaMjXxM=",
        "owner": "NixOS",
        "repo": "nixpkgs",
        "rev": "56528ee42526794d413d6f244648aaee4a7b56c0",
        "type": "github"
      },
      "original": {
        "owner": "NixOS",
        "ref": "nixos-23.11",
        "repo": "nixpkgs",
        "type": "github"
      }
    },
    "nixpkgs_2": {
      "locked": {
        "lastModified": 1711163522,
        "narHash": "sha256-YN/Ciidm+A0fmJPWlHBGvVkcarYWSC+s3NTPk/P+q3c=",
        "owner": "NixOS",
        "repo": "nixpkgs",
        "rev": "44d0940ea560dee511026a53f0e2e2cde489b4d4",
        "type": "github"
      },
      "original": {
        "owner": "NixOS",
        "ref": "nixos-unstable",
        "repo": "nixpkgs",
        "type": "github"
      }
    },
    "nongnu-elpa": {
      "flake": false,
      "locked": {
        "lastModified": 1710442513,
        "narHash": "sha256-iJeG9lyjCTwcl/7OTBYI+RG7ztD0u2DY76RR9mzYjvM=",
        "ref": "main",
        "rev": "f06fc1286a20c827cbbd53a8c3ed53b2ac41c9d9",
        "revCount": 307,
        "type": "git",
        "url": "https://git.savannah.gnu.org/git/emacs/nongnu.git"
      },
      "original": {
        "ref": "main",
        "type": "git",
        "url": "https://git.savannah.gnu.org/git/emacs/nongnu.git"
      }
    },
    "org-babel": {
      "locked": {
        "lastModified": 1669954182,
        "narHash": "sha256-tYXRO/+MbLDQNn/mqnWKrQrYvFY0gHbU29wYln7+mpY=",
        "owner": "emacs-twist",
        "repo": "org-babel",
        "rev": "b448845abbbc8b742e9de547cd49ec886cd79cbf",
        "type": "github"
      },
      "original": {
        "owner": "emacs-twist",
        "repo": "org-babel",
        "type": "github"
      }
    },
    "root": {
      "inputs": {
        "emacs-overlay": "emacs-overlay",
        "flake-parts": "flake-parts",
        "gnu-elpa": "gnu-elpa",
        "melpa": "melpa",
        "nixpkgs": "nixpkgs_2",
        "nongnu-elpa": "nongnu-elpa",
        "org-babel": "org-babel",
        "twist": "twist"
      }
    },
    "systems": {
      "locked": {
        "lastModified": 1681028828,
        "narHash": "sha256-Vy1rq5AaRuLzOxct8nz4T6wlgyUR7zLU309k9mBC768=",
        "owner": "nix-systems",
        "repo": "default",
        "rev": "da67096a3b9bf56a91d16901293e51ba5b49a27e",
        "type": "github"
      },
      "original": {
        "owner": "nix-systems",
        "repo": "default",
        "type": "github"
      }
    },
    "twist": {
      "inputs": {
        "elisp-helpers": "elisp-helpers"
      },
      "locked": {
        "lastModified": 1710770942,
        "narHash": "sha256-dyNKByzB5dC/UlZ6GzjX+aFNsL8lHMUf9EWGNY7lttQ=",
        "owner": "emacs-twist",
        "repo": "twist.nix",
        "rev": "4e1f8720308f58b840f7d8c64880adb3971252e8",
        "type": "github"
      },
      "original": {
        "owner": "emacs-twist",
        "repo": "twist.nix",
        "type": "github"
      }
    }
  },
  "root": "root",
  "version": 7
}
