{
  "queue": {
    "archive": {
      "narHash": "sha256-cbv1sqH7LJXdRZ/teyScnysvsn8/JcaPqrRBc7jGrZw=",
      "type": "file",
      "url": "https://elpa.gnu.org/packages/queue-0.2.el"
    },
    "inventory": {
      "type": "archive",
      "url": "https://elpa.gnu.org/packages/"
    },
    "packageRequires": {},
    "version": "0.2"
  }
}
