{
  "nodes": {
    "ace-window": {
      "flake": false,
      "locked": {
        "lastModified": 1662868721,
        "narHash": "sha256-eGmOL272H5X7BmeXRCfMjB3ucf9GH2xThyozgkW62dA=",
        "owner": "abo-abo",
        "repo": "ace-window",
        "rev": "77115afc1b0b9f633084cf7479c767988106c196",
        "type": "github"
      },
      "original": {
        "owner": "abo-abo",
        "repo": "ace-window",
        "type": "github"
      }
    },
    "annalist": {
      "flake": false,
      "locked": {
        "lastModified": 1571577135,
        "narHash": "sha256-jLVWU3gLMSN+O9UYmdkDOwPblm7FXXXQsxKv0eCZuxk=",
        "owner": "noctuid",
        "repo": "annalist.el",
        "rev": "134fa3f0fb91a636a1c005c483516d4b64905a6d",
        "type": "github"
      },
      "original": {
        "owner": "noctuid",
        "repo": "annalist.el",
        "type": "github"
      }
    },
    "avy": {
      "flake": false,
      "locked": {
        "lastModified": 1681963449,
        "narHash": "sha256-cZxerGMWKlKSrTEDkQh7cSY3185CmccMjlCXYEssZi8=",
        "owner": "abo-abo",
        "repo": "avy",
        "rev": "be612110cb116a38b8603df367942e2bb3d9bdbe",
        "type": "github"
      },
      "original": {
        "owner": "abo-abo",
        "repo": "avy",
        "type": "github"
      }
    },
    "caml": {
      "flake": false,
      "locked": {
        "lastModified": 1696994899,
        "narHash": "sha256-go0e2LwdPI5N5QVg0ITeHZ2wyhDBAhtgpLo0mfA1DXg=",
        "owner": "ocaml",
        "repo": "caml-mode",
        "rev": "47defafa2b08fb680e89bfee9cb9ce82bd9e3bcf",
        "type": "github"
      },
      "original": {
        "owner": "ocaml",
        "repo": "caml-mode",
        "type": "github"
      }
    },
    "company": {
      "flake": false,
      "locked": {
        "lastModified": 1698057193,
        "narHash": "sha256-Rkdi0rFjToIOWBvdy+X/Jo1vh3JaWszrQD+owWJHKjI=",
        "owner": "company-mode",
        "repo": "company-mode",
        "rev": "66201465a962ac003f320a1df612641b2b276ab5",
        "type": "github"
      },
      "original": {
        "owner": "company-mode",
        "repo": "company-mode",
        "type": "github"
      }
    },
    "company-box": {
      "flake": false,
      "locked": {
        "lastModified": 1678616884,
        "narHash": "sha256-9WyOHXwVKxZ4bfRPTaQFo5qCWpDK4EgfzojDmP9uH2o=",
        "owner": "sebastiencs",
        "repo": "company-box",
        "rev": "b6f53e26adf948aca55c3ff6c22c21a6a6614253",
        "type": "github"
      },
      "original": {
        "owner": "sebastiencs",
        "repo": "company-box",
        "type": "github"
      }
    },
    "company-coq": {
      "flake": false,
      "locked": {
        "lastModified": 1669786593,
        "narHash": "sha256-TWqeFUGZXFvI/2TwB/LxjI8G5jqaGTXZoamD79fhKMQ=",
        "owner": "cpitclaudel",
        "repo": "company-coq",
        "rev": "5affe7a96a25df9101f9e44bac8a828d8292c2fa",
        "type": "github"
      },
      "original": {
        "owner": "cpitclaudel",
        "repo": "company-coq",
        "type": "github"
      }
    },
    "company-math": {
      "flake": false,
      "locked": {
        "lastModified": 1672147747,
        "narHash": "sha256-Q5pMH3x6GYlBS6BjOnQ27BfMni0DIFfZ1aIVWk8EQd4=",
        "owner": "vspinu",
        "repo": "company-math",
        "rev": "3eb006874e309ff4076d947fcbd61bb6806aa508",
        "type": "github"
      },
      "original": {
        "owner": "vspinu",
        "repo": "company-math",
        "type": "github"
      }
    },
    "compat": {
      "flake": false,
      "locked": {
        "lastModified": 1695848660,
        "narHash": "sha256-hSsywik+8aaY1P14EMp0630aU5N6H5aQ9SyaXlaGsyU=",
        "owner": "emacs-compat",
        "repo": "compat",
        "rev": "6571f834e19c874752d0d70e1c610886b5872ade",
        "type": "github"
      },
      "original": {
        "owner": "emacs-compat",
        "repo": "compat",
        "type": "github"
      }
    },
    "counsel": {
      "flake": false,
      "locked": {
        "lastModified": 1698275516,
        "narHash": "sha256-yIwaCCRnxCXeobkqSyEHPnzwUgM7iQEdrztGwe4REsc=",
        "owner": "abo-abo",
        "repo": "swiper",
        "rev": "8c30f4cab5948aa8d942a3b2bbf5fb6a94d9441d",
        "type": "github"
      },
      "original": {
        "owner": "abo-abo",
        "repo": "swiper",
        "type": "github"
      }
    },
    "dash": {
      "flake": false,
      "locked": {
        "lastModified": 1690893876,
        "narHash": "sha256-qZ81ARFpZSKW82q6JwLOC8Q/YX6fRALm4Z5+VeKQPJQ=",
        "owner": "magnars",
        "repo": "dash.el",
        "rev": "6db80c711ce947f6c6fa11e5c2257fff2c79d139",
        "type": "github"
      },
      "original": {
        "owner": "magnars",
        "repo": "dash.el",
        "type": "github"
      }
    },
    "doom-themes": {
      "flake": false,
      "locked": {
        "lastModified": 1694896337,
        "narHash": "sha256-JbMrLpJ0cqDlKnuKUGJofQe/ao/K92lYKO9T2mmFNwU=",
        "owner": "doomemacs",
        "repo": "themes",
        "rev": "4aee1f5a0e54552669f747aa7c25e6027e73d76d",
        "type": "github"
      },
      "original": {
        "owner": "doomemacs",
        "repo": "themes",
        "type": "github"
      }
    },
    "editorconfig": {
      "flake": false,
      "locked": {
        "lastModified": 1695157301,
        "narHash": "sha256-2Ruf3f04s1lLt00mzOL7kKUp2avbMApNCa+LOGCexCo=",
        "owner": "editorconfig",
        "repo": "editorconfig-emacs",
        "rev": "4bf871b7a2f2433d1032ef2b251bfb08c23347f4",
        "type": "github"
      },
      "original": {
        "owner": "editorconfig",
        "repo": "editorconfig-emacs",
        "type": "github"
      }
    },
    "emacsql": {
      "flake": false,
      "locked": {
        "lastModified": 1694897059,
        "narHash": "sha256-x95NQlWdsvrkJSPS3QEODb7xsLZRW3wmdYV4makCC8Y=",
        "owner": "magit",
        "repo": "emacsql",
        "rev": "59de83a1276a5fbcf8a682b64bbdcf5e00c6ce8b",
        "type": "github"
      },
      "original": {
        "owner": "magit",
        "repo": "emacsql",
        "type": "github"
      }
    },
    "evil": {
      "flake": false,
      "locked": {
        "lastModified": 1695161168,
        "narHash": "sha256-dn747Krn4KUFavTcUmc1WvqUs2UHFvgn6HYQmIPMuck=",
        "owner": "emacs-evil",
        "repo": "evil",
        "rev": "d28206ccff74bc07ba335b8ff77805564f6928d7",
        "type": "github"
      },
      "original": {
        "owner": "emacs-evil",
        "repo": "evil",
        "type": "github"
      }
    },
    "evil-collection": {
      "flake": false,
      "locked": {
        "lastModified": 1697718508,
        "narHash": "sha256-70z1CWR5epi9+MKv6pXnuhr6dr6sAEW1LFbBJ4TuluE=",
        "owner": "emacs-evil",
        "repo": "evil-collection",
        "rev": "18304d9d9e4243687a7bf915dc7e591a216873c6",
        "type": "github"
      },
      "original": {
        "owner": "emacs-evil",
        "repo": "evil-collection",
        "type": "github"
      }
    },
    "evil-goggles": {
      "flake": false,
      "locked": {
        "lastModified": 1697873907,
        "narHash": "sha256-NYkf/7yomMe8pMuyJ6++zvQFZ3i/W0AefZCNWMU6nK0=",
        "owner": "edkolev",
        "repo": "evil-goggles",
        "rev": "34ca276a85f615d2b45e714c9f8b5875bcb676f3",
        "type": "github"
      },
      "original": {
        "owner": "edkolev",
        "repo": "evil-goggles",
        "type": "github"
      }
    },
    "f": {
      "flake": false,
      "locked": {
        "lastModified": 1692791993,
        "narHash": "sha256-SFOclNJ6BjBQC1nrMJeWh4BFq/7rBiMj5b2FLhF+Wh4=",
        "owner": "rejeep",
        "repo": "f.el",
        "rev": "ab3ee3811c53f9c2144ff45130361f3da242ffa2",
        "type": "github"
      },
      "original": {
        "owner": "rejeep",
        "repo": "f.el",
        "type": "github"
      }
    },
    "frame-local": {
      "flake": false,
      "locked": {
        "lastModified": 1524410258,
        "narHash": "sha256-98XPoNpZ7RrPMJTPx4hDq9wRrl+AfmNKc6OtAVvX3X0=",
        "owner": "sebastiencs",
        "repo": "frame-local",
        "rev": "7ee1106c3bcd4022f48421f8cb1ef4f995da816e",
        "type": "github"
      },
      "original": {
        "owner": "sebastiencs",
        "repo": "frame-local",
        "type": "github"
      }
    },
    "git-commit": {
      "flake": false,
      "locked": {
        "lastModified": 1699024562,
        "narHash": "sha256-rVYIQq79sje3ifV5GUfaq6askg15utvVcAIHZtHqcLU=",
        "owner": "magit",
        "repo": "magit",
        "rev": "2b02bfb0495bf738e006d82f3a233e8f511b90b8",
        "type": "github"
      },
      "original": {
        "owner": "magit",
        "repo": "magit",
        "type": "github"
      }
    },
    "goto-chg": {
      "flake": false,
      "locked": {
        "lastModified": 1641576820,
        "narHash": "sha256-u5qhElDZkypuOAXA97nd8jxwJ2Zqx83RaatYYhX87WU=",
        "owner": "emacs-evil",
        "repo": "goto-chg",
        "rev": "278cd3e6d5107693aa2bb33189ca503f22f227d0",
        "type": "github"
      },
      "original": {
        "owner": "emacs-evil",
        "repo": "goto-chg",
        "type": "github"
      }
    },
    "haskell-mode": {
      "flake": false,
      "locked": {
        "lastModified": 1698336147,
        "narHash": "sha256-mYjCCObwfG+uNRqDQ2/R+5aa6JdARR6n/muVse/kpJU=",
        "owner": "haskell",
        "repo": "haskell-mode",
        "rev": "ef3fe51f7c207db3c55b9a3a720b3af665d2e606",
        "type": "github"
      },
      "original": {
        "owner": "haskell",
        "repo": "haskell-mode",
        "type": "github"
      }
    },
    "ht": {
      "flake": false,
      "locked": {
        "lastModified": 1688363925,
        "narHash": "sha256-suE9ncN4rTA/9GcfAK6B+m9vnE8pYpfGavCFrXpA0+8=",
        "owner": "Wilfred",
        "repo": "ht.el",
        "rev": "1c49aad1c820c86f7ee35bf9fff8429502f60fef",
        "type": "github"
      },
      "original": {
        "owner": "Wilfred",
        "repo": "ht.el",
        "type": "github"
      }
    },
    "ivy": {
      "flake": false,
      "locked": {
        "lastModified": 1698275516,
        "narHash": "sha256-yIwaCCRnxCXeobkqSyEHPnzwUgM7iQEdrztGwe4REsc=",
        "owner": "abo-abo",
        "repo": "swiper",
        "rev": "8c30f4cab5948aa8d942a3b2bbf5fb6a94d9441d",
        "type": "github"
      },
      "original": {
        "owner": "abo-abo",
        "repo": "swiper",
        "type": "github"
      }
    },
    "lsp-haskell": {
      "flake": false,
      "locked": {
        "lastModified": 1697045000,
        "narHash": "sha256-G6rC10O1n+WvVGdGEuAP6e3LsaJYDEvM3P2UvwMzKkg=",
        "owner": "emacs-lsp",
        "repo": "lsp-haskell",
        "rev": "89d16370434e9a247e95b8b701f524f5abfc884b",
        "type": "github"
      },
      "original": {
        "owner": "emacs-lsp",
        "repo": "lsp-haskell",
        "type": "github"
      }
    },
    "lsp-ivy": {
      "flake": false,
      "locked": {
        "lastModified": 1661970237,
        "narHash": "sha256-ENJqUhF05nIX40GSaiT+YFfBlq+b5bvKJB4/s7UrOM0=",
        "owner": "emacs-lsp",
        "repo": "lsp-ivy",
        "rev": "9ecf4dd9b1207109802bd1882aa621eb1c385106",
        "type": "github"
      },
      "original": {
        "owner": "emacs-lsp",
        "repo": "lsp-ivy",
        "type": "github"
      }
    },
    "lsp-mode": {
      "flake": false,
      "locked": {
        "lastModified": 1698870193,
        "narHash": "sha256-I8nNdFyQkjCZcOpT+wdo2HbSi1UhNb7tM726tBR/oh0=",
        "owner": "emacs-lsp",
        "repo": "lsp-mode",
        "rev": "9fe1ed49c36168109eaf5182404aa22e07471b13",
        "type": "github"
      },
      "original": {
        "owner": "emacs-lsp",
        "repo": "lsp-mode",
        "type": "github"
      }
    },
    "lsp-ui": {
      "flake": false,
      "locked": {
        "lastModified": 1691733175,
        "narHash": "sha256-JmnfmDNl5xp3e+uu45W45fBXpc5r1R7U2XTgvHbP1Nw=",
        "owner": "emacs-lsp",
        "repo": "lsp-ui",
        "rev": "0dd39900c8ed8145d207985cb2f65cedd1ffb410",
        "type": "github"
      },
      "original": {
        "owner": "emacs-lsp",
        "repo": "lsp-ui",
        "type": "github"
      }
    },
    "lv": {
      "flake": false,
      "locked": {
        "lastModified": 1662811567,
        "narHash": "sha256-tZmYPUN6bgn+6zWbKmqhpCoD4kcrRCn9i6SC1e8Ed9k=",
        "owner": "abo-abo",
        "repo": "hydra",
        "rev": "317e1de33086637579a7aeb60f77ed0405bf359b",
        "type": "github"
      },
      "original": {
        "owner": "abo-abo",
        "repo": "hydra",
        "type": "github"
      }
    },
    "magit": {
      "flake": false,
      "locked": {
        "lastModified": 1699024562,
        "narHash": "sha256-rVYIQq79sje3ifV5GUfaq6askg15utvVcAIHZtHqcLU=",
        "owner": "magit",
        "repo": "magit",
        "rev": "2b02bfb0495bf738e006d82f3a233e8f511b90b8",
        "type": "github"
      },
      "original": {
        "owner": "magit",
        "repo": "magit",
        "type": "github"
      }
    },
    "magit-section": {
      "flake": false,
      "locked": {
        "lastModified": 1698705795,
        "narHash": "sha256-nWh/C6Z6g46RgiBWDigpaO9Fce3dIeEWpk0Y1RfGDaU=",
        "owner": "magit",
        "repo": "magit",
        "rev": "5cf664cd32010d3a5207c09da60e0c8f0c37b496",
        "type": "github"
      },
      "original": {
        "owner": "magit",
        "repo": "magit",
        "type": "github"
      }
    },
    "markdown-mode": {
      "flake": false,
      "locked": {
        "lastModified": 1698483205,
        "narHash": "sha256-pGRnZkPfU7YQTrnnXSfKbeaUa2pWtYlCKEUEq+gmP2U=",
        "owner": "jrblevin",
        "repo": "markdown-mode",
        "rev": "b1a862f0165b7bafe0f874738a55be1b1720dd7d",
        "type": "github"
      },
      "original": {
        "owner": "jrblevin",
        "repo": "markdown-mode",
        "type": "github"
      }
    },
    "math-symbol-lists": {
      "flake": false,
      "locked": {
        "lastModified": 1661719674,
        "narHash": "sha256-ylXCs6OAN56abxpPUp78ebL0xx2KrJ0KUfnrEqlX6Y4=",
        "owner": "vspinu",
        "repo": "math-symbol-lists",
        "rev": "ac3eb053d3b576fcdd192b0ac6ad5090ea3a7079",
        "type": "github"
      },
      "original": {
        "owner": "vspinu",
        "repo": "math-symbol-lists",
        "type": "github"
      }
    },
    "nix-mode": {
      "flake": false,
      "locked": {
        "lastModified": 1682109415,
        "narHash": "sha256-W/bxCAn4cvzKGbhILxtTiWJ5Wln2w6g4TPgk+ziCXsQ=",
        "owner": "NixOS",
        "repo": "nix-mode",
        "rev": "719feb7868fb567ecfe5578f6119892c771ac5e5",
        "type": "github"
      },
      "original": {
        "owner": "NixOS",
        "repo": "nix-mode",
        "type": "github"
      }
    },
    "org-modern": {
      "flake": false,
      "locked": {
        "lastModified": 1697740989,
        "narHash": "sha256-7qFuJHKhzRT7ON9BdhH74lbCDoqNciqvJ2+c6Idmpyo=",
        "owner": "minad",
        "repo": "org-modern",
        "rev": "240026f0bef6dabff1e86ab092a678beddd301c3",
        "type": "github"
      },
      "original": {
        "owner": "minad",
        "repo": "org-modern",
        "type": "github"
      }
    },
    "org-roam": {
      "flake": false,
      "locked": {
        "lastModified": 1678209661,
        "narHash": "sha256-4SBJQ1ywk4ONT03oWuzIsQwNDnqj+JI3wLDIdocTpa0=",
        "owner": "org-roam",
        "repo": "org-roam",
        "rev": "5c06471c3a11348342719fd9011486455adeb701",
        "type": "github"
      },
      "original": {
        "owner": "org-roam",
        "repo": "org-roam",
        "type": "github"
      }
    },
    "ox-reveal": {
      "flake": false,
      "locked": {
        "lastModified": 1669536864,
        "narHash": "sha256-ajZkVH31cW3vgSWzVXQME+1Y8a20rrQi4WSQyXHaaLI=",
        "owner": "yjwen",
        "repo": "org-reveal",
        "rev": "f55c851bf6aeb1bb2a7f6cf0f2b7bd0e79c4a5a0",
        "type": "github"
      },
      "original": {
        "owner": "yjwen",
        "repo": "org-reveal",
        "type": "github"
      }
    },
    "pdf-tools": {
      "flake": false,
      "locked": {
        "lastModified": 1686451166,
        "narHash": "sha256-6u+uP865v6hMR9Q/ZiEidJrPkP8mnjPGex9lQCOvgQo=",
        "owner": "vedang",
        "repo": "pdf-tools",
        "rev": "c69e7656a4678fe25afbd29f3503dd19ee7f9896",
        "type": "github"
      },
      "original": {
        "owner": "vedang",
        "repo": "pdf-tools",
        "type": "github"
      }
    },
    "proof-general": {
      "flake": false,
      "locked": {
        "lastModified": 1698784801,
        "narHash": "sha256-I8M2TBXu7HfONqXhuL88VlElAtNYiysH9iMUlA1EmU8=",
        "owner": "ProofGeneral",
        "repo": "PG",
        "rev": "0dd686ec46790e918896670b559b11d38a4bb115",
        "type": "github"
      },
      "original": {
        "owner": "ProofGeneral",
        "repo": "PG",
        "type": "github"
      }
    },
    "rainbow-delimiters": {
      "flake": false,
      "locked": {
        "lastModified": 1693411222,
        "narHash": "sha256-JcNRW0+L65NtOBronwyT7SHP9QsNa3ysj4cHv88yfoI=",
        "owner": "Fanael",
        "repo": "rainbow-delimiters",
        "rev": "f40ece58df8b2f0fb6c8576b527755a552a5e763",
        "type": "github"
      },
      "original": {
        "owner": "Fanael",
        "repo": "rainbow-delimiters",
        "type": "github"
      }
    },
    "root": {
      "inputs": {
        "ace-window": "ace-window",
        "annalist": "annalist",
        "avy": "avy",
        "caml": "caml",
        "company": "company",
        "company-box": "company-box",
        "company-coq": "company-coq",
        "company-math": "company-math",
        "compat": "compat",
        "counsel": "counsel",
        "dash": "dash",
        "doom-themes": "doom-themes",
        "editorconfig": "editorconfig",
        "emacsql": "emacsql",
        "evil": "evil",
        "evil-collection": "evil-collection",
        "evil-goggles": "evil-goggles",
        "f": "f",
        "frame-local": "frame-local",
        "git-commit": "git-commit",
        "goto-chg": "goto-chg",
        "haskell-mode": "haskell-mode",
        "ht": "ht",
        "ivy": "ivy",
        "lsp-haskell": "lsp-haskell",
        "lsp-ivy": "lsp-ivy",
        "lsp-mode": "lsp-mode",
        "lsp-ui": "lsp-ui",
        "lv": "lv",
        "magit": "magit",
        "magit-section": "magit-section",
        "markdown-mode": "markdown-mode",
        "math-symbol-lists": "math-symbol-lists",
        "nix-mode": "nix-mode",
        "org-modern": "org-modern",
        "org-roam": "org-roam",
        "ox-reveal": "ox-reveal",
        "pdf-tools": "pdf-tools",
        "proof-general": "proof-general",
        "rainbow-delimiters": "rainbow-delimiters",
        "rust-mode": "rust-mode",
        "s": "s",
        "spinner": "spinner",
        "swiper": "swiper",
        "tablist": "tablist",
        "tuareg": "tuareg",
        "typescript-mode": "typescript-mode",
        "which-key": "which-key",
        "with-editor": "with-editor",
        "yasnippet": "yasnippet"
      }
    },
    "rust-mode": {
      "flake": false,
      "locked": {
        "lastModified": 1691327890,
        "narHash": "sha256-r888RkK1ec5Uzi1wB1dyszZThF23stQ/u08KnB4KrdI=",
        "owner": "rust-lang",
        "repo": "rust-mode",
        "rev": "9c26dc1195ec05309ee15c014631fb9abd6cf5d2",
        "type": "github"
      },
      "original": {
        "owner": "rust-lang",
        "repo": "rust-mode",
        "type": "github"
      }
    },
    "s": {
      "flake": false,
      "locked": {
        "lastModified": 1681482914,
        "narHash": "sha256-fbF/SyPwEiJICaPBq0xWj2yLWjdNwkaLF2iYvZ2EO1k=",
        "owner": "magnars",
        "repo": "s.el",
        "rev": "dda84d38fffdaf0c9b12837b504b402af910d01d",
        "type": "github"
      },
      "original": {
        "owner": "magnars",
        "repo": "s.el",
        "type": "github"
      }
    },
    "spinner": {
      "flake": false,
      "locked": {
        "lastModified": 1663246199,
        "narHash": "sha256-Ad6J3xGUWD+WDP3BbsgKvxJb90VMOkjJuIt/fhBu+rs=",
        "owner": "Malabarba",
        "repo": "spinner.el",
        "rev": "d4647ae87fb0cd24bc9081a3d287c860ff061c21",
        "type": "github"
      },
      "original": {
        "owner": "Malabarba",
        "repo": "spinner.el",
        "type": "github"
      }
    },
    "swiper": {
      "flake": false,
      "locked": {
        "lastModified": 1698275516,
        "narHash": "sha256-yIwaCCRnxCXeobkqSyEHPnzwUgM7iQEdrztGwe4REsc=",
        "owner": "abo-abo",
        "repo": "swiper",
        "rev": "8c30f4cab5948aa8d942a3b2bbf5fb6a94d9441d",
        "type": "github"
      },
      "original": {
        "owner": "abo-abo",
        "repo": "swiper",
        "type": "github"
      }
    },
    "tablist": {
      "flake": false,
      "locked": {
        "lastModified": 1697714774,
        "narHash": "sha256-8XeE1pyrbkipBNBeoNMaOQN0RaOMgq6QNYbpjlLWMdg=",
        "owner": "emacsorphanage",
        "repo": "tablist",
        "rev": "fcd37147121fabdf003a70279cf86fbe08cfac6f",
        "type": "github"
      },
      "original": {
        "owner": "emacsorphanage",
        "repo": "tablist",
        "type": "github"
      }
    },
    "tuareg": {
      "flake": false,
      "locked": {
        "lastModified": 1696887822,
        "narHash": "sha256-W9CREajLvlZ7HVmOaJ5gjWZ31o8OdjLNyOOpJHuMThU=",
        "owner": "ocaml",
        "repo": "tuareg",
        "rev": "1d53723e39f22ab4ab76d31f2b188a2879305092",
        "type": "github"
      },
      "original": {
        "owner": "ocaml",
        "repo": "tuareg",
        "type": "github"
      }
    },
    "typescript-mode": {
      "flake": false,
      "locked": {
        "lastModified": 1673883199,
        "narHash": "sha256-1Q/AK/8xbnHfduEidF3GjjdeKQUoGPLBdow0RGUtfIs=",
        "owner": "emacs-typescript",
        "repo": "typescript.el",
        "rev": "4fcb4594819caf472ae42ea068a1c7795cf07f46",
        "type": "github"
      },
      "original": {
        "owner": "emacs-typescript",
        "repo": "typescript.el",
        "type": "github"
      }
    },
    "which-key": {
      "flake": false,
      "locked": {
        "lastModified": 1693949309,
        "narHash": "sha256-ZS/uuwI2KfOrOyU3LJGCG2pkW0LL8Nb5MLfOqlFepGI=",
        "owner": "justbur",
        "repo": "emacs-which-key",
        "rev": "4d20bc852545a2e602f59084a630f888542052b1",
        "type": "github"
      },
      "original": {
        "owner": "justbur",
        "repo": "emacs-which-key",
        "type": "github"
      }
    },
    "with-editor": {
      "flake": false,
      "locked": {
        "lastModified": 1694944726,
        "narHash": "sha256-47xcwWMHGD/k8RO4PQOz/g4At7Xon0PTH3+D2QBbkRI=",
        "owner": "magit",
        "repo": "with-editor",
        "rev": "fcd186d1e684c2dca6497c89af77b27b2b036c11",
        "type": "github"
      },
      "original": {
        "owner": "magit",
        "repo": "with-editor",
        "type": "github"
      }
    },
    "yasnippet": {
      "flake": false,
      "locked": {
        "lastModified": 1694700037,
        "narHash": "sha256-7q3o495mOBeTCwxZxzB1lgj3dSK3KraSfVB/qtGGsz4=",
        "owner": "capitaomorte",
        "repo": "yasnippet",
        "rev": "52a1c5031912243c791c55e0fe345d04f219b507",
        "type": "github"
      },
      "original": {
        "owner": "capitaomorte",
        "repo": "yasnippet",
        "type": "github"
      }
    }
  },
  "root": "root",
  "version": 7
}
